
Microsoft Visual Studio Solution File, Format Version 12.00
# Visual Studio Version 16
VisualStudioVersion = 16.0.30413.136
MinimumVisualStudioVersion = 10.0.40219.1
Project("{FAE04EC0-301F-11D3-BF4B-00C04F79EFBC}") = "ReactAspx", "ReactAspx\ReactAspx.csproj", "{66F52D4F-6450-4C22-BA2B-258FE4FE74EE}"
EndProject
Global
	GlobalSection(SolutionConfigurationPlatforms) = preSolution
		Debug|Any CPU = Debug|Any CPU
		Release|Any CPU = Release|Any CPU
	EndGlobalSection
	GlobalSection(ProjectConfigurationPlatforms) = postSolution
		{66F52D4F-6450-4C22-BA2B-258FE4FE74EE}.Debug|Any CPU.ActiveCfg = Debug|Any CPU
		{66F52D4F-6450-4C22-BA2B-258FE4FE74EE}.Debug|Any CPU.Build.0 = Debug|Any CPU
		{66F52D4F-6450-4C22-BA2B-258FE4FE74EE}.Release|Any CPU.ActiveCfg = Release|Any CPU
		{66F52D4F-6450-4C22-BA2B-258FE4FE74EE}.Release|Any CPU.Build.0 = Release|Any CPU
	EndGlobalSection
	GlobalSection(SolutionProperties) = preSolution
		HideSolutionNode = FALSE
	EndGlobalSection
	GlobalSection(ExtensibilityGlobals) = postSolution
		SolutionGuid = {D0DE23B2-4931-4BB1-8526-F3F36DB4C062}
	EndGlobalSection
EndGlobal
